
Microsoft Visual Studio Solution File, Format Version 12.00
# Visual Studio Version 16
VisualStudioVersion = 16.0.31911.196
MinimumVisualStudioVersion = 10.0.40219.1
Project("{FAE04EC0-301F-11D3-BF4B-00C04F79EFBC}") = "Bonsai.PulsePal", "Bonsai.PulsePal\Bonsai.PulsePal.csproj", "{2837460E-6615-4215-B0FF-1E69DE9FF22B}"
EndProject
Project("{FAE04EC0-301F-11D3-BF4B-00C04F79EFBC}") = "Bonsai.PulsePal.Design", "Bonsai.PulsePal.Design\Bonsai.PulsePal.Design.csproj", "{F2E59FA9-35DD-4B09-B2F2-8F9065BA19A6}"
EndProject
Global
	GlobalSection(SolutionConfigurationPlatforms) = preSolution
		Debug|Any CPU = Debug|Any CPU
		Release|Any CPU = Release|Any CPU
	EndGlobalSection
	GlobalSection(ProjectConfigurationPlatforms) = postSolution
		{2837460E-6615-4215-B0FF-1E69DE9FF22B}.Debug|Any CPU.ActiveCfg = Debug|Any CPU
		{2837460E-6615-4215-B0FF-1E69DE9FF22B}.Debug|Any CPU.Build.0 = Debug|Any CPU
		{2837460E-6615-4215-B0FF-1E69DE9FF22B}.Release|Any CPU.ActiveCfg = Release|Any CPU
		{2837460E-6615-4215-B0FF-1E69DE9FF22B}.Release|Any CPU.Build.0 = Release|Any CPU
		{F2E59FA9-35DD-4B09-B2F2-8F9065BA19A6}.Debug|Any CPU.ActiveCfg = Debug|Any CPU
		{F2E59FA9-35DD-4B09-B2F2-8F9065BA19A6}.Debug|Any CPU.Build.0 = Debug|Any CPU
		{F2E59FA9-35DD-4B09-B2F2-8F9065BA19A6}.Release|Any CPU.ActiveCfg = Release|Any CPU
		{F2E59FA9-35DD-4B09-B2F2-8F9065BA19A6}.Release|Any CPU.Build.0 = Release|Any CPU
	EndGlobalSection
	GlobalSection(SolutionProperties) = preSolution
		HideSolutionNode = FALSE
	EndGlobalSection
	GlobalSection(ExtensibilityGlobals) = postSolution
		SolutionGuid = {F657C8F4-6BD5-434A-885B-0CC215AA4941}
	EndGlobalSection
EndGlobal
